
Microsoft Visual Studio Solution File, Format Version 12.00
Project("{FAE04EC0-301F-11D3-BF4B-00C04F79EFBC}") = "Com.Sportradar.Mbs.Sdk", "Com.Sportradar.Mbs.Sdk\Com.Sportradar.Mbs.Sdk.csproj", "{A562AB5F-AAF2-4476-9963-ABCD8B95F6EF}"
EndProject
Global
	GlobalSection(SolutionConfigurationPlatforms) = preSolution
		Debug|Any CPU = Debug|Any CPU
		Release|Any CPU = Release|Any CPU
	EndGlobalSection
	GlobalSection(ProjectConfigurationPlatforms) = postSolution
		{A562AB5F-AAF2-4476-9963-ABCD8B95F6EF}.Debug|Any CPU.ActiveCfg = Debug|Any CPU
		{A562AB5F-AAF2-4476-9963-ABCD8B95F6EF}.Debug|Any CPU.Build.0 = Debug|Any CPU
		{A562AB5F-AAF2-4476-9963-ABCD8B95F6EF}.Release|Any CPU.ActiveCfg = Release|Any CPU
		{A562AB5F-AAF2-4476-9963-ABCD8B95F6EF}.Release|Any CPU.Build.0 = Release|Any CPU
	EndGlobalSection
EndGlobal
